
Microsoft Visual Studio Solution File, Format Version 12.00
# Visual Studio 15
VisualStudioVersion = 15.0.28010.2041
MinimumVisualStudioVersion = 10.0.40219.1
Project("{FAE04EC0-301F-11D3-BF4B-00C04F79EFBC}") = "MK7 Binary Data Editor", "MK7 Binary Data Editor\MK7 Binary Data Editor.csproj", "{F9F3C7B3-0508-4722-A737-67E19AF99954}"
EndProject
Global
	GlobalSection(SolutionConfigurationPlatforms) = preSolution
		Debug|Any CPU = Debug|Any CPU
		Release|Any CPU = Release|Any CPU
	EndGlobalSection
	GlobalSection(ProjectConfigurationPlatforms) = postSolution
		{F9F3C7B3-0508-4722-A737-67E19AF99954}.Debug|Any CPU.ActiveCfg = Debug|Any CPU
		{F9F3C7B3-0508-4722-A737-67E19AF99954}.Debug|Any CPU.Build.0 = Debug|Any CPU
		{F9F3C7B3-0508-4722-A737-67E19AF99954}.Release|Any CPU.ActiveCfg = Release|Any CPU
		{F9F3C7B3-0508-4722-A737-67E19AF99954}.Release|Any CPU.Build.0 = Release|Any CPU
	EndGlobalSection
	GlobalSection(SolutionProperties) = preSolution
		HideSolutionNode = FALSE
	EndGlobalSection
	GlobalSection(ExtensibilityGlobals) = postSolution
		SolutionGuid = {E16E100F-3D64-446F-84DE-0CDE6D95AFBF}
	EndGlobalSection
EndGlobal
